
Microsoft Visual Studio Solution File, Format Version 12.00
# Visual Studio Version 16
VisualStudioVersion = 16.0.31112.23
MinimumVisualStudioVersion = 10.0.40219.1
Project("{FAE04EC0-301F-11D3-BF4B-00C04F79EFBC}") = "Wba.MovieRating.Web", "Wba.MovieRating.Web\Wba.MovieRating.Web.csproj", "{FF77B707-B42E-4312-96F3-0ABA1A8F2EE0}"
EndProject
Project("{FAE04EC0-301F-11D3-BF4B-00C04F79EFBC}") = "Wba.MovieRating.Domain", "Wba.MovieRating.Domain\Wba.MovieRating.Domain.csproj", "{C5872942-CCA3-4D7A-83A9-EF85E3FB5B36}"
EndProject
Global
	GlobalSection(SolutionConfigurationPlatforms) = preSolution
		Debug|Any CPU = Debug|Any CPU
		Release|Any CPU = Release|Any CPU
	EndGlobalSection
	GlobalSection(ProjectConfigurationPlatforms) = postSolution
		{FF77B707-B42E-4312-96F3-0ABA1A8F2EE0}.Debug|Any CPU.ActiveCfg = Debug|Any CPU
		{FF77B707-B42E-4312-96F3-0ABA1A8F2EE0}.Debug|Any CPU.Build.0 = Debug|Any CPU
		{FF77B707-B42E-4312-96F3-0ABA1A8F2EE0}.Release|Any CPU.ActiveCfg = Release|Any CPU
		{FF77B707-B42E-4312-96F3-0ABA1A8F2EE0}.Release|Any CPU.Build.0 = Release|Any CPU
		{C5872942-CCA3-4D7A-83A9-EF85E3FB5B36}.Debug|Any CPU.ActiveCfg = Debug|Any CPU
		{C5872942-CCA3-4D7A-83A9-EF85E3FB5B36}.Debug|Any CPU.Build.0 = Debug|Any CPU
		{C5872942-CCA3-4D7A-83A9-EF85E3FB5B36}.Release|Any CPU.ActiveCfg = Release|Any CPU
		{C5872942-CCA3-4D7A-83A9-EF85E3FB5B36}.Release|Any CPU.Build.0 = Release|Any CPU
	EndGlobalSection
	GlobalSection(SolutionProperties) = preSolution
		HideSolutionNode = FALSE
	EndGlobalSection
	GlobalSection(ExtensibilityGlobals) = postSolution
		SolutionGuid = {0FB5E582-9705-4310-BDBB-0A0E888DA11D}
	EndGlobalSection
EndGlobal
